
Microsoft Visual Studio Solution File, Format Version 12.00
# Visual Studio Version 16
VisualStudioVersion = 16.0.810.16
MinimumVisualStudioVersion = 10.0.40219.1
Project("{FAE04EC0-301F-11D3-BF4B-00C04F79EFBC}") = "maxmish2", "maxmish2\maxmish2.csproj", "{4416A691-F010-4916-90CB-4DF5C74E14D5}"
EndProject
Global
	GlobalSection(SolutionConfigurationPlatforms) = preSolution
		Debug|Any CPU = Debug|Any CPU
		Release|Any CPU = Release|Any CPU
	EndGlobalSection
	GlobalSection(ProjectConfigurationPlatforms) = postSolution
		{4416A691-F010-4916-90CB-4DF5C74E14D5}.Debug|Any CPU.ActiveCfg = Debug|Any CPU
		{4416A691-F010-4916-90CB-4DF5C74E14D5}.Debug|Any CPU.Build.0 = Debug|Any CPU
		{4416A691-F010-4916-90CB-4DF5C74E14D5}.Release|Any CPU.ActiveCfg = Release|Any CPU
		{4416A691-F010-4916-90CB-4DF5C74E14D5}.Release|Any CPU.Build.0 = Release|Any CPU
	EndGlobalSection
	GlobalSection(SolutionProperties) = preSolution
		HideSolutionNode = FALSE
	EndGlobalSection
	GlobalSection(ExtensibilityGlobals) = postSolution
		SolutionGuid = {ADBEF753-0689-4D5C-AD56-5B7BF0E5CEE2}
	EndGlobalSection
EndGlobal
